
Microsoft Visual Studio Solution File, Format Version 12.00
# Visual Studio 15
VisualStudioVersion = 15.0.28010.2041
MinimumVisualStudioVersion = 10.0.40219.1
Project("{FAE04EC0-301F-11D3-BF4B-00C04F79EFBC}") = "SOFMTest", "SOFMTest.csproj", "{950C5241-AA33-4EC9-BEA2-730386171A06}"
EndProject
Global
	GlobalSection(SolutionConfigurationPlatforms) = preSolution
		Debug|Any CPU = Debug|Any CPU
		Release|Any CPU = Release|Any CPU
	EndGlobalSection
	GlobalSection(ProjectConfigurationPlatforms) = postSolution
		{950C5241-AA33-4EC9-BEA2-730386171A06}.Debug|Any CPU.ActiveCfg = Debug|Any CPU
		{950C5241-AA33-4EC9-BEA2-730386171A06}.Debug|Any CPU.Build.0 = Debug|Any CPU
		{950C5241-AA33-4EC9-BEA2-730386171A06}.Release|Any CPU.ActiveCfg = Release|Any CPU
		{950C5241-AA33-4EC9-BEA2-730386171A06}.Release|Any CPU.Build.0 = Release|Any CPU
	EndGlobalSection
	GlobalSection(SolutionProperties) = preSolution
		HideSolutionNode = FALSE
	EndGlobalSection
	GlobalSection(ExtensibilityGlobals) = postSolution
		SolutionGuid = {D5D7D4C2-555D-4193-8DA6-946BFE428653}
	EndGlobalSection
EndGlobal
